
Microsoft Visual Studio Solution File, Format Version 12.00
# Visual Studio Version 17
VisualStudioVersion = 17.14.36401.2 d17.14
MinimumVisualStudioVersion = 10.0.40219.1
Project("{FAE04EC0-301F-11D3-BF4B-00C04F79EFBC}") = "Knowledge-Center-App", "Knowledge-Center-App.csproj", "{69CD22A2-B223-461E-A447-2F9842D52A08}"
EndProject
Global
	GlobalSection(SolutionConfigurationPlatforms) = preSolution
		Debug|Any CPU = Debug|Any CPU
		Release|Any CPU = Release|Any CPU
	EndGlobalSection
	GlobalSection(ProjectConfigurationPlatforms) = postSolution
		{69CD22A2-B223-461E-A447-2F9842D52A08}.Debug|Any CPU.ActiveCfg = Debug|Any CPU
		{69CD22A2-B223-461E-A447-2F9842D52A08}.Debug|Any CPU.Build.0 = Debug|Any CPU
		{69CD22A2-B223-461E-A447-2F9842D52A08}.Release|Any CPU.ActiveCfg = Release|Any CPU
		{69CD22A2-B223-461E-A447-2F9842D52A08}.Release|Any CPU.Build.0 = Release|Any CPU
	EndGlobalSection
	GlobalSection(SolutionProperties) = preSolution
		HideSolutionNode = FALSE
	EndGlobalSection
	GlobalSection(ExtensibilityGlobals) = postSolution
		SolutionGuid = {0B88838D-B47B-4421-B0A0-A0BED80908E5}
	EndGlobalSection
EndGlobal
